
Microsoft Visual Studio Solution File, Format Version 12.00
# Visual Studio 14
VisualStudioVersion = 14.0.25123.0
MinimumVisualStudioVersion = 10.0.40219.1
Project("{FAE04EC0-301F-11D3-BF4B-00C04F79EFBC}") = "Voxel Fortress", "Voxel Fortress.csproj", "{B8D139D6-1D2E-469A-8DFB-4525F105CE2B}"
EndProject
Project("{FAE04EC0-301F-11D3-BF4B-00C04F79EFBC}") = "Voxel Fortress CLI", "Voxel Fortress CLI.csproj", "{33D3E3C7-DC9F-4F1E-8A13-31BFBD406F4A}"
EndProject
Global
	GlobalSection(SolutionConfigurationPlatforms) = preSolution
		Debug|Any CPU = Debug|Any CPU
		Release|Any CPU = Release|Any CPU
	EndGlobalSection
	GlobalSection(ProjectConfigurationPlatforms) = postSolution
		{B8D139D6-1D2E-469A-8DFB-4525F105CE2B}.Debug|Any CPU.ActiveCfg = Debug|Any CPU
		{B8D139D6-1D2E-469A-8DFB-4525F105CE2B}.Debug|Any CPU.Build.0 = Debug|Any CPU
		{B8D139D6-1D2E-469A-8DFB-4525F105CE2B}.Release|Any CPU.ActiveCfg = Release|Any CPU
		{B8D139D6-1D2E-469A-8DFB-4525F105CE2B}.Release|Any CPU.Build.0 = Release|Any CPU
		{33D3E3C7-DC9F-4F1E-8A13-31BFBD406F4A}.Debug|Any CPU.ActiveCfg = Debug|Any CPU
		{33D3E3C7-DC9F-4F1E-8A13-31BFBD406F4A}.Debug|Any CPU.Build.0 = Debug|Any CPU
		{33D3E3C7-DC9F-4F1E-8A13-31BFBD406F4A}.Release|Any CPU.ActiveCfg = Release|Any CPU
		{33D3E3C7-DC9F-4F1E-8A13-31BFBD406F4A}.Release|Any CPU.Build.0 = Release|Any CPU
	EndGlobalSection
	GlobalSection(SolutionProperties) = preSolution
		HideSolutionNode = FALSE
	EndGlobalSection
EndGlobal
